<?xml version="1.0" encoding="utf-8"?>
<Project ToolsVersion="4.0" xmlns="http://schemas.microsoft.com/developer/msbuild/2003">
  <ItemGroup>
    <Filter Include="Source Files">
      <UniqueIdentifier>{4FC737F1-C7A5-4376-A066-2A32D752A2FF}</UniqueIdentifier>
      <Extensions>cpp;c;cc;cxx;def;odl;idl;hpj;bat;asm;asmx</Extensions>
    </Filter>
    <Filter Include="Header Files">
      <UniqueIdentifier>{93995380-89BD-4b04-88EB-625FBE52EBFB}</UniqueIdentifier>
      <Extensions>h;hh;hpp;hxx;hm;inl;inc;ipp;xsd</Extensions>
    </Filter>
    <Filter Include="Resource Files">
      <UniqueIdentifier>{67DA6AB6-F800-4c08-8B7A-83BB121AAD01}</UniqueIdentifier>
      <Extensions>rc;ico;cur;bmp;dlg;rc2;rct;bin;rgs;gif;jpg;jpeg;jpe;resx;tiff;tif;png;wav;mfcribbon-ms</Extensions>
    </Filter>
    <Filter Include="Header Files\bxdf">
      <UniqueIdentifier>{c936a541-2a4b-47d1-888f-e7491d3c463d}</UniqueIdentifier>
    </Filter>
    <Filter Include="Header Files\camera">
      <UniqueIdentifier>{3a6258b4-5e7e-46fd-8c72-2053feee148f}</UniqueIdentifier>
    </Filter>
    <Filter Include="Header Files\misc">
      <UniqueIdentifier>{c22dea9f-2609-499f-8d62-098e4b010f78}</UniqueIdentifier>
    </Filter>
    <Filter Include="Header Files\shape">
      <UniqueIdentifier>{c808b11c-699b-4fc9-ab03-c0043b03712e}</UniqueIdentifier>
    </Filter>
    <Filter Include="Source Files\bxdf">
      <UniqueIdentifier>{db05e88d-5d6a-4be0-8020-66a3a74fcd30}</UniqueIdentifier>
    </Filter>
    <Filter Include="Source Files\camera">
      <UniqueIdentifier>{c1411b5c-2ea6-4128-bc4a-e74bf4c24d8b}</UniqueIdentifier>
    </Filter>
    <Filter Include="Source Files\misc">
      <UniqueIdentifier>{ad9b232d-81c0-4c82-b187-d8749b31cd1b}</UniqueIdentifier>
    </Filter>
    <Filter Include="Source Files\shape">
      <UniqueIdentifier>{f8586f40-18ce-448e-8eec-69f0e842ce8e}</UniqueIdentifier>
    </Filter>
    <Filter Include="Header Files\light">
      <UniqueIdentifier>{b0db6b1f-fa63-4466-8c4c-60a5991269e8}</UniqueIdentifier>
    </Filter>
    <Filter Include="Source Files\light">
      <UniqueIdentifier>{96dedddd-60b6-4f93-a400-ee3e35a2b3c5}</UniqueIdentifier>
    </Filter>
    <Filter Include="Header Files\material">
      <UniqueIdentifier>{713aaf15-6606-40a1-a491-1e52abef54f3}</UniqueIdentifier>
    </Filter>
    <Filter Include="Source Files\material">
      <UniqueIdentifier>{a3885158-3e49-480b-a28f-a302ea656f19}</UniqueIdentifier>
    </Filter>
  </ItemGroup>
  <ItemGroup>
    <ClCompile Include="main.cpp">
      <Filter>Source Files</Filter>
    </ClCompile>
    <ClCompile Include="bsdf.cpp">
      <Filter>Source Files\bxdf</Filter>
    </ClCompile>
    <ClCompile Include="pinhole.cpp">
      <Filter>Source Files\camera</Filter>
    </ClCompile>
    <ClCompile Include="integrator.cpp">
      <Filter>Source Files\misc</Filter>
    </ClCompile>
    <ClCompile Include="sphere.cpp">
      <Filter>Source Files\shape</Filter>
    </ClCompile>
    <ClCompile Include="primitive.cpp">
      <Filter>Source Files\shape</Filter>
    </ClCompile>
    <ClCompile Include="arealight.cpp">
      <Filter>Source Files\light</Filter>
    </ClCompile>
    <ClCompile Include="scene.cpp">
      <Filter>Source Files\misc</Filter>
    </ClCompile>
    <ClCompile Include="material.cpp">
      <Filter>Source Files\material</Filter>
    </ClCompile>
    <ClCompile Include="bxdf.cpp">
      <Filter>Source Files\bxdf</Filter>
    </ClCompile>
  </ItemGroup>
  <ItemGroup>
    <ClInclude Include="bsdf.h">
      <Filter>Header Files\bxdf</Filter>
    </ClInclude>
    <ClInclude Include="bxdf.h">
      <Filter>Header Files\bxdf</Filter>
    </ClInclude>
    <ClInclude Include="pinhole.h">
      <Filter>Header Files\camera</Filter>
    </ClInclude>
    <ClInclude Include="ray.h">
      <Filter>Header Files\misc</Filter>
    </ClInclude>
    <ClInclude Include="sphere.h">
      <Filter>Header Files\shape</Filter>
    </ClInclude>
    <ClInclude Include="shape.h">
      <Filter>Header Files\shape</Filter>
    </ClInclude>
    <ClInclude Include="montecarlo.hpp">
      <Filter>Header Files\misc</Filter>
    </ClInclude>
    <ClInclude Include="integrator.h">
      <Filter>Header Files\misc</Filter>
    </ClInclude>
    <ClInclude Include="primitive.hpp">
      <Filter>Header Files\shape</Filter>
    </ClInclude>
    <ClInclude Include="light.h">
      <Filter>Header Files\light</Filter>
    </ClInclude>
    <ClInclude Include="arealight.h">
      <Filter>Header Files\light</Filter>
    </ClInclude>
    <ClInclude Include="scene.hpp">
      <Filter>Header Files\misc</Filter>
    </ClInclude>
    <ClInclude Include="material.hpp">
      <Filter>Header Files\material</Filter>
    </ClInclude>
  </ItemGroup>
</Project>